// !$*UTF8*$!
{
	archiveVersion = 1;
	classes = {
	};
	objectVersion = 46;
	objects = {

/* Begin PBXBuildFile section */
		3AAC095D1E73523800707134 /* AUTAssertNotNil.h in Headers */ = {isa = PBXBuildFile; fileRef = 3AAC09551E73523800707134 /* AUTAssertNotNil.h */; };
		3AAC095E1E73523800707134 /* AUTAutoType.h in Headers */ = {isa = PBXBuildFile; fileRef = 3AAC09561E73523800707134 /* AUTAutoType.h */; };
		3AAC095F1E73523800707134 /* AUTExtObjC.h in Headers */ = {isa = PBXBuildFile; fileRef = 3AAC09571E73523800707134 /* AUTExtObjC.h */; };
		3AAC09601E73523800707134 /* AUTLocalizationNotNeeded.h in Headers */ = {isa = PBXBuildFile; fileRef = 3AAC09581E73523800707134 /* AUTLocalizationNotNeeded.h */; };
		3AAC09611E73523800707134 /* AUTNotNil.h in Headers */ = {isa = PBXBuildFile; fileRef = 3AAC09591E73523800707134 /* AUTNotNil.h */; };
		3AAC09621E73523800707134 /* AUTStrongifyOr.h in Headers */ = {isa = PBXBuildFile; fileRef = 3AAC095A1E73523800707134 /* AUTStrongifyOr.h */; };
		3AAC09631E73523800707134 /* AUTUnavailableDesignatedInitializer.h in Headers */ = {isa = PBXBuildFile; fileRef = 3AAC095B1E73523800707134 /* AUTUnavailableDesignatedInitializer.h */; };
		3AAC09641E73523800707134 /* metamacros.h in Headers */ = {isa = PBXBuildFile; fileRef = 3AAC095C1E73523800707134 /* metamacros.h */; };
		54E2DBF21ACC0730009B4670 /* AUTTestKit.framework in Frameworks */ = {isa = PBXBuildFile; fileRef = 54E2DBE71ACC0730009B4670 /* AUTTestKit.framework */; };
		54E2DC081ACC108A009B4670 /* AUTTestKit.h in Headers */ = {isa = PBXBuildFile; fileRef = 54E2DBB91ACBF7A5009B4670 /* AUTTestKit.h */; settings = {ATTRIBUTES = (Public, ); }; };
		54E2DC091ACC108A009B4670 /* LSStubRequestDSL+AUTJSONAdditions.h in Headers */ = {isa = PBXBuildFile; fileRef = 54E2DBDD1ACBFA94009B4670 /* LSStubRequestDSL+AUTJSONAdditions.h */; settings = {ATTRIBUTES = (Public, ); }; };
		54E2DC0A1ACC108A009B4670 /* LSStubResponseDSL+AUTJSONAdditions.h in Headers */ = {isa = PBXBuildFile; fileRef = 54E2DBD91ACBFA50009B4670 /* LSStubResponseDSL+AUTJSONAdditions.h */; settings = {ATTRIBUTES = (Public, ); }; };
		54E2DC0C1ACC108F009B4670 /* LSStubRequestDSL+AUTJSONAdditions.m in Sources */ = {isa = PBXBuildFile; fileRef = 54E2DBDE1ACBFA94009B4670 /* LSStubRequestDSL+AUTJSONAdditions.m */; };
		54E2DC0D1ACC108F009B4670 /* LSStubResponseDSL+AUTJSONAdditions.m in Sources */ = {isa = PBXBuildFile; fileRef = 54E2DBDA1ACBFA50009B4670 /* LSStubResponseDSL+AUTJSONAdditions.m */; };
		54E2DC0E1ACC1185009B4670 /* Expecta.framework in Frameworks */ = {isa = PBXBuildFile; fileRef = 54E2DBD01ACBF910009B4670 /* Expecta.framework */; };
		54E2DC0F1ACC1185009B4670 /* Nocilla.framework in Frameworks */ = {isa = PBXBuildFile; fileRef = 54E2DBD11ACBF910009B4670 /* Nocilla.framework */; };
		54E2DC101ACC1185009B4670 /* Specta.framework in Frameworks */ = {isa = PBXBuildFile; fileRef = 54E2DBD21ACBF910009B4670 /* Specta.framework */; };
		54E2DC171ACC1381009B4670 /* SPTExampleGroup+AUTNocillaAdditions.h in Headers */ = {isa = PBXBuildFile; fileRef = 54E2DC151ACC1381009B4670 /* SPTExampleGroup+AUTNocillaAdditions.h */; settings = {ATTRIBUTES = (Public, ); }; };
		54E2DC181ACC1381009B4670 /* SPTExampleGroup+AUTNocillaAdditions.m in Sources */ = {isa = PBXBuildFile; fileRef = 54E2DC161ACC1381009B4670 /* SPTExampleGroup+AUTNocillaAdditions.m */; };
		E4BC53B11B5E2D97000F01B2 /* LSStubRequestDSL+AUTJSONAdditionsSpec.m in Sources */ = {isa = PBXBuildFile; fileRef = E4BC53B01B5E2D97000F01B2 /* LSStubRequestDSL+AUTJSONAdditionsSpec.m */; };
		E4BC53B21B5E2E1A000F01B2 /* Expecta.framework in Frameworks */ = {isa = PBXBuildFile; fileRef = 54E2DBD01ACBF910009B4670 /* Expecta.framework */; };
		E4BC53B31B5E2E1A000F01B2 /* Nocilla.framework in Frameworks */ = {isa = PBXBuildFile; fileRef = 54E2DBD11ACBF910009B4670 /* Nocilla.framework */; };
		E4BC53B41B5E2E1A000F01B2 /* Specta.framework in Frameworks */ = {isa = PBXBuildFile; fileRef = 54E2DBD21ACBF910009B4670 /* Specta.framework */; };
		E4BC53B61B5E2E3E000F01B2 /* Expecta.framework in Copy Frameworks */ = {isa = PBXBuildFile; fileRef = 54E2DBD01ACBF910009B4670 /* Expecta.framework */; settings = {ATTRIBUTES = (CodeSignOnCopy, RemoveHeadersOnCopy, ); }; };
		E4BC53B71B5E2E3E000F01B2 /* Nocilla.framework in Copy Frameworks */ = {isa = PBXBuildFile; fileRef = 54E2DBD11ACBF910009B4670 /* Nocilla.framework */; settings = {ATTRIBUTES = (CodeSignOnCopy, RemoveHeadersOnCopy, ); }; };
		E4BC53B81B5E2E3E000F01B2 /* Specta.framework in Copy Frameworks */ = {isa = PBXBuildFile; fileRef = 54E2DBD21ACBF910009B4670 /* Specta.framework */; settings = {ATTRIBUTES = (CodeSignOnCopy, RemoveHeadersOnCopy, ); }; };
		E4BC53BC1B5E314C000F01B2 /* AUTCustomBodyMatcher.h in Headers */ = {isa = PBXBuildFile; fileRef = E4BC53BA1B5E314C000F01B2 /* AUTCustomBodyMatcher.h */; settings = {ATTRIBUTES = (Public, ); }; };
		E4BC53BD1B5E314C000F01B2 /* AUTCustomBodyMatcher.m in Sources */ = {isa = PBXBuildFile; fileRef = E4BC53BB1B5E314C000F01B2 /* AUTCustomBodyMatcher.m */; };
/* End PBXBuildFile section */

/* Begin PBXContainerItemProxy section */
		54E2DBF31ACC0730009B4670 /* PBXContainerItemProxy */ = {
			isa = PBXContainerItemProxy;
			containerPortal = 54E2DBAB1ACBF7A5009B4670 /* Project object */;
			proxyType = 1;
			remoteGlobalIDString = 54E2DBE61ACC0730009B4670;
			remoteInfo = AUTTestKit;
		};
/* End PBXContainerItemProxy section */

/* Begin PBXCopyFilesBuildPhase section */
		E4BC53B51B5E2E36000F01B2 /* Copy Frameworks */ = {
			isa = PBXCopyFilesBuildPhase;
			buildActionMask = 2147483647;
			dstPath = "";
			dstSubfolderSpec = 10;
			files = (
				E4BC53B61B5E2E3E000F01B2 /* Expecta.framework in Copy Frameworks */,
				E4BC53B71B5E2E3E000F01B2 /* Nocilla.framework in Copy Frameworks */,
				E4BC53B81B5E2E3E000F01B2 /* Specta.framework in Copy Frameworks */,
			);
			name = "Copy Frameworks";
			runOnlyForDeploymentPostprocessing = 0;
		};
/* End PBXCopyFilesBuildPhase section */

/* Begin PBXFileReference section */
		3A0327421EF838AB00CB0AA2 /* AUTTestKitTestsStatic.xcconfig */ = {isa = PBXFileReference; lastKnownFileType = text.xcconfig; name = AUTTestKitTestsStatic.xcconfig; path = AUTTestKitTests/AUTTestKitTestsStatic.xcconfig; sourceTree = SOURCE_ROOT; };
		3A4466BF1EF49AC80004C01C /* AUTTestKitStatic.xcconfig */ = {isa = PBXFileReference; lastKnownFileType = text.xcconfig; name = AUTTestKitStatic.xcconfig; path = AUTTestKit/AUTTestKitStatic.xcconfig; sourceTree = SOURCE_ROOT; };
		3AAC09421E7350CB00707134 /* Common.xcconfig */ = {isa = PBXFileReference; lastKnownFileType = text.xcconfig; path = Common.xcconfig; sourceTree = "<group>"; };
		3AAC09441E7350CB00707134 /* Debug.xcconfig */ = {isa = PBXFileReference; lastKnownFileType = text.xcconfig; path = Debug.xcconfig; sourceTree = "<group>"; };
		3AAC09451E7350CB00707134 /* Profile.xcconfig */ = {isa = PBXFileReference; lastKnownFileType = text.xcconfig; path = Profile.xcconfig; sourceTree = "<group>"; };
		3AAC09461E7350CB00707134 /* Release.xcconfig */ = {isa = PBXFileReference; lastKnownFileType = text.xcconfig; path = Release.xcconfig; sourceTree = "<group>"; };
		3AAC09471E7350CB00707134 /* Test.xcconfig */ = {isa = PBXFileReference; lastKnownFileType = text.xcconfig; path = Test.xcconfig; sourceTree = "<group>"; };
		3AAC09491E7350CB00707134 /* Application.xcconfig */ = {isa = PBXFileReference; lastKnownFileType = text.xcconfig; path = Application.xcconfig; sourceTree = "<group>"; };
		3AAC094A1E7350CB00707134 /* Framework.xcconfig */ = {isa = PBXFileReference; lastKnownFileType = text.xcconfig; path = Framework.xcconfig; sourceTree = "<group>"; };
		3AAC094B1E7350CB00707134 /* StaticLibrary.xcconfig */ = {isa = PBXFileReference; lastKnownFileType = text.xcconfig; path = StaticLibrary.xcconfig; sourceTree = "<group>"; };
		3AAC094D1E7350CB00707134 /* iOS-Application.xcconfig */ = {isa = PBXFileReference; lastKnownFileType = text.xcconfig; path = "iOS-Application.xcconfig"; sourceTree = "<group>"; };
		3AAC094E1E7350CB00707134 /* iOS-Base.xcconfig */ = {isa = PBXFileReference; lastKnownFileType = text.xcconfig; path = "iOS-Base.xcconfig"; sourceTree = "<group>"; };
		3AAC094F1E7350CB00707134 /* iOS-Framework.xcconfig */ = {isa = PBXFileReference; lastKnownFileType = text.xcconfig; path = "iOS-Framework.xcconfig"; sourceTree = "<group>"; };
		3AAC09501E7350CB00707134 /* iOS-StaticLibrary.xcconfig */ = {isa = PBXFileReference; lastKnownFileType = text.xcconfig; path = "iOS-StaticLibrary.xcconfig"; sourceTree = "<group>"; };
		3AAC09511E73513900707134 /* AUTTestKit.xcconfig */ = {isa = PBXFileReference; lastKnownFileType = text.xcconfig; name = AUTTestKit.xcconfig; path = AUTTestKit/AUTTestKit.xcconfig; sourceTree = SOURCE_ROOT; };
		3AAC09521E73514600707134 /* AUTTestKitTests.xcconfig */ = {isa = PBXFileReference; lastKnownFileType = text.xcconfig; name = AUTTestKitTests.xcconfig; path = AUTTestKitTests/AUTTestKitTests.xcconfig; sourceTree = SOURCE_ROOT; };
		3AAC09551E73523800707134 /* AUTAssertNotNil.h */ = {isa = PBXFileReference; fileEncoding = 4; lastKnownFileType = sourcecode.c.h; path = AUTAssertNotNil.h; sourceTree = "<group>"; };
		3AAC09561E73523800707134 /* AUTAutoType.h */ = {isa = PBXFileReference; fileEncoding = 4; lastKnownFileType = sourcecode.c.h; path = AUTAutoType.h; sourceTree = "<group>"; };
		3AAC09571E73523800707134 /* AUTExtObjC.h */ = {isa = PBXFileReference; fileEncoding = 4; lastKnownFileType = sourcecode.c.h; path = AUTExtObjC.h; sourceTree = "<group>"; };
		3AAC09581E73523800707134 /* AUTLocalizationNotNeeded.h */ = {isa = PBXFileReference; fileEncoding = 4; lastKnownFileType = sourcecode.c.h; path = AUTLocalizationNotNeeded.h; sourceTree = "<group>"; };
		3AAC09591E73523800707134 /* AUTNotNil.h */ = {isa = PBXFileReference; fileEncoding = 4; lastKnownFileType = sourcecode.c.h; path = AUTNotNil.h; sourceTree = "<group>"; };
		3AAC095A1E73523800707134 /* AUTStrongifyOr.h */ = {isa = PBXFileReference; fileEncoding = 4; lastKnownFileType = sourcecode.c.h; path = AUTStrongifyOr.h; sourceTree = "<group>"; };
		3AAC095B1E73523800707134 /* AUTUnavailableDesignatedInitializer.h */ = {isa = PBXFileReference; fileEncoding = 4; lastKnownFileType = sourcecode.c.h; path = AUTUnavailableDesignatedInitializer.h; sourceTree = "<group>"; };
		3AAC095C1E73523800707134 /* metamacros.h */ = {isa = PBXFileReference; fileEncoding = 4; lastKnownFileType = sourcecode.c.h; path = metamacros.h; sourceTree = "<group>"; };
		54E2DBB81ACBF7A5009B4670 /* Info.plist */ = {isa = PBXFileReference; lastKnownFileType = text.plist.xml; path = Info.plist; sourceTree = "<group>"; };
		54E2DBB91ACBF7A5009B4670 /* AUTTestKit.h */ = {isa = PBXFileReference; lastKnownFileType = sourcecode.c.h; path = AUTTestKit.h; sourceTree = "<group>"; };
		54E2DBC51ACBF7A5009B4670 /* Info.plist */ = {isa = PBXFileReference; lastKnownFileType = text.plist.xml; path = Info.plist; sourceTree = "<group>"; };
		54E2DBD01ACBF910009B4670 /* Expecta.framework */ = {isa = PBXFileReference; lastKnownFileType = wrapper.framework; name = Expecta.framework; path = Carthage/Build/iOS/Expecta.framework; sourceTree = "<group>"; };
		54E2DBD11ACBF910009B4670 /* Nocilla.framework */ = {isa = PBXFileReference; lastKnownFileType = wrapper.framework; name = Nocilla.framework; path = Carthage/Build/iOS/Nocilla.framework; sourceTree = "<group>"; };
		54E2DBD21ACBF910009B4670 /* Specta.framework */ = {isa = PBXFileReference; lastKnownFileType = wrapper.framework; name = Specta.framework; path = Carthage/Build/iOS/Specta.framework; sourceTree = "<group>"; };
		54E2DBD91ACBFA50009B4670 /* LSStubResponseDSL+AUTJSONAdditions.h */ = {isa = PBXFileReference; fileEncoding = 4; lastKnownFileType = sourcecode.c.h; path = "LSStubResponseDSL+AUTJSONAdditions.h"; sourceTree = "<group>"; };
		54E2DBDA1ACBFA50009B4670 /* LSStubResponseDSL+AUTJSONAdditions.m */ = {isa = PBXFileReference; fileEncoding = 4; lastKnownFileType = sourcecode.c.objc; path = "LSStubResponseDSL+AUTJSONAdditions.m"; sourceTree = "<group>"; };
		54E2DBDD1ACBFA94009B4670 /* LSStubRequestDSL+AUTJSONAdditions.h */ = {isa = PBXFileReference; fileEncoding = 4; lastKnownFileType = sourcecode.c.h; path = "LSStubRequestDSL+AUTJSONAdditions.h"; sourceTree = "<group>"; };
		54E2DBDE1ACBFA94009B4670 /* LSStubRequestDSL+AUTJSONAdditions.m */ = {isa = PBXFileReference; fileEncoding = 4; lastKnownFileType = sourcecode.c.objc; path = "LSStubRequestDSL+AUTJSONAdditions.m"; sourceTree = "<group>"; };
		54E2DBE71ACC0730009B4670 /* AUTTestKit.framework */ = {isa = PBXFileReference; explicitFileType = wrapper.framework; includeInIndex = 0; path = AUTTestKit.framework; sourceTree = BUILT_PRODUCTS_DIR; };
		54E2DBF11ACC0730009B4670 /* AUTTestKitTests.xctest */ = {isa = PBXFileReference; explicitFileType = wrapper.cfbundle; includeInIndex = 0; path = AUTTestKitTests.xctest; sourceTree = BUILT_PRODUCTS_DIR; };
		54E2DC151ACC1381009B4670 /* SPTExampleGroup+AUTNocillaAdditions.h */ = {isa = PBXFileReference; fileEncoding = 4; lastKnownFileType = sourcecode.c.h; path = "SPTExampleGroup+AUTNocillaAdditions.h"; sourceTree = "<group>"; };
		54E2DC161ACC1381009B4670 /* SPTExampleGroup+AUTNocillaAdditions.m */ = {isa = PBXFileReference; fileEncoding = 4; lastKnownFileType = sourcecode.c.objc; path = "SPTExampleGroup+AUTNocillaAdditions.m"; sourceTree = "<group>"; };
		E4BC53B01B5E2D97000F01B2 /* LSStubRequestDSL+AUTJSONAdditionsSpec.m */ = {isa = PBXFileReference; fileEncoding = 4; lastKnownFileType = sourcecode.c.objc; path = "LSStubRequestDSL+AUTJSONAdditionsSpec.m"; sourceTree = "<group>"; };
		E4BC53BA1B5E314C000F01B2 /* AUTCustomBodyMatcher.h */ = {isa = PBXFileReference; fileEncoding = 4; lastKnownFileType = sourcecode.c.h; path = AUTCustomBodyMatcher.h; sourceTree = "<group>"; };
		E4BC53BB1B5E314C000F01B2 /* AUTCustomBodyMatcher.m */ = {isa = PBXFileReference; fileEncoding = 4; lastKnownFileType = sourcecode.c.objc; path = AUTCustomBodyMatcher.m; sourceTree = "<group>"; };
/* End PBXFileReference section */

/* Begin PBXFrameworksBuildPhase section */
		54E2DBE31ACC0730009B4670 /* Frameworks */ = {
			isa = PBXFrameworksBuildPhase;
			buildActionMask = 2147483647;
			files = (
				54E2DC0E1ACC1185009B4670 /* Expecta.framework in Frameworks */,
				54E2DC0F1ACC1185009B4670 /* Nocilla.framework in Frameworks */,
				54E2DC101ACC1185009B4670 /* Specta.framework in Frameworks */,
			);
			runOnlyForDeploymentPostprocessing = 0;
		};
		54E2DBEE1ACC0730009B4670 /* Frameworks */ = {
			isa = PBXFrameworksBuildPhase;
			buildActionMask = 2147483647;
			files = (
				54E2DBF21ACC0730009B4670 /* AUTTestKit.framework in Frameworks */,
				E4BC53B21B5E2E1A000F01B2 /* Expecta.framework in Frameworks */,
				E4BC53B31B5E2E1A000F01B2 /* Nocilla.framework in Frameworks */,
				E4BC53B41B5E2E1A000F01B2 /* Specta.framework in Frameworks */,
			);
			runOnlyForDeploymentPostprocessing = 0;
		};
/* End PBXFrameworksBuildPhase section */

/* Begin PBXGroup section */
		3AAC09401E7350AA00707134 /* Configurations */ = {
			isa = PBXGroup;
			children = (
				3AAC09511E73513900707134 /* AUTTestKit.xcconfig */,
				3A4466BF1EF49AC80004C01C /* AUTTestKitStatic.xcconfig */,
				3AAC09521E73514600707134 /* AUTTestKitTests.xcconfig */,
				3A0327421EF838AB00CB0AA2 /* AUTTestKitTestsStatic.xcconfig */,
				3AAC09411E7350CB00707134 /* Base */,
				3AAC094C1E7350CB00707134 /* iOS */,
			);
			name = Configurations;
			path = Carthage/Checkouts/xcconfigs;
			sourceTree = "<group>";
		};
		3AAC09411E7350CB00707134 /* Base */ = {
			isa = PBXGroup;
			children = (
				3AAC09421E7350CB00707134 /* Common.xcconfig */,
				3AAC09431E7350CB00707134 /* Configurations */,
				3AAC09481E7350CB00707134 /* Targets */,
			);
			path = Base;
			sourceTree = "<group>";
		};
		3AAC09431E7350CB00707134 /* Configurations */ = {
			isa = PBXGroup;
			children = (
				3AAC09441E7350CB00707134 /* Debug.xcconfig */,
				3AAC09451E7350CB00707134 /* Profile.xcconfig */,
				3AAC09461E7350CB00707134 /* Release.xcconfig */,
				3AAC09471E7350CB00707134 /* Test.xcconfig */,
			);
			path = Configurations;
			sourceTree = "<group>";
		};
		3AAC09481E7350CB00707134 /* Targets */ = {
			isa = PBXGroup;
			children = (
				3AAC09491E7350CB00707134 /* Application.xcconfig */,
				3AAC094A1E7350CB00707134 /* Framework.xcconfig */,
				3AAC094B1E7350CB00707134 /* StaticLibrary.xcconfig */,
			);
			path = Targets;
			sourceTree = "<group>";
		};
		3AAC094C1E7350CB00707134 /* iOS */ = {
			isa = PBXGroup;
			children = (
				3AAC094D1E7350CB00707134 /* iOS-Application.xcconfig */,
				3AAC094E1E7350CB00707134 /* iOS-Base.xcconfig */,
				3AAC094F1E7350CB00707134 /* iOS-Framework.xcconfig */,
				3AAC09501E7350CB00707134 /* iOS-StaticLibrary.xcconfig */,
			);
			path = iOS;
			sourceTree = "<group>";
		};
		3AAC09531E73522900707134 /* Vendor */ = {
			isa = PBXGroup;
			children = (
				3AAC09541E73523800707134 /* AUTExtObjC */,
			);
			name = Vendor;
			sourceTree = "<group>";
		};
		3AAC09541E73523800707134 /* AUTExtObjC */ = {
			isa = PBXGroup;
			children = (
				3AAC09551E73523800707134 /* AUTAssertNotNil.h */,
				3AAC09561E73523800707134 /* AUTAutoType.h */,
				3AAC09571E73523800707134 /* AUTExtObjC.h */,
				3AAC09581E73523800707134 /* AUTLocalizationNotNeeded.h */,
				3AAC09591E73523800707134 /* AUTNotNil.h */,
				3AAC095A1E73523800707134 /* AUTStrongifyOr.h */,
				3AAC095B1E73523800707134 /* AUTUnavailableDesignatedInitializer.h */,
				3AAC095C1E73523800707134 /* metamacros.h */,
			);
			name = AUTExtObjC;
			path = Carthage/Checkouts/AUTExtObjC/AUTExtObjC;
			sourceTree = "<group>";
		};
		54E2DBAA1ACBF7A5009B4670 = {
			isa = PBXGroup;
			children = (
				54E2DBB61ACBF7A5009B4670 /* AUTTestKit */,
				54E2DBC31ACBF7A5009B4670 /* AUTTestKitTests */,
				3AAC09401E7350AA00707134 /* Configurations */,
				54E2DBD61ACBF914009B4670 /* Frameworks */,
				54E2DBB51ACBF7A5009B4670 /* Products */,
				3AAC09531E73522900707134 /* Vendor */,
			);
			sourceTree = "<group>";
		};
		54E2DBB51ACBF7A5009B4670 /* Products */ = {
			isa = PBXGroup;
			children = (
				54E2DBE71ACC0730009B4670 /* AUTTestKit.framework */,
				54E2DBF11ACC0730009B4670 /* AUTTestKitTests.xctest */,
			);
			name = Products;
			sourceTree = "<group>";
		};
		54E2DBB61ACBF7A5009B4670 /* AUTTestKit */ = {
			isa = PBXGroup;
			children = (
				54E2DBB91ACBF7A5009B4670 /* AUTTestKit.h */,
				54E2DC191ACC1387009B4670 /* Specta Additions */,
				54E2DBE11ACBFA9D009B4670 /* Nocilla Additions */,
				54E2DBB71ACBF7A5009B4670 /* Supporting Files */,
			);
			path = AUTTestKit;
			sourceTree = "<group>";
		};
		54E2DBB71ACBF7A5009B4670 /* Supporting Files */ = {
			isa = PBXGroup;
			children = (
				54E2DBB81ACBF7A5009B4670 /* Info.plist */,
			);
			name = "Supporting Files";
			sourceTree = "<group>";
		};
		54E2DBC31ACBF7A5009B4670 /* AUTTestKitTests */ = {
			isa = PBXGroup;
			children = (
				E4BC53B01B5E2D97000F01B2 /* LSStubRequestDSL+AUTJSONAdditionsSpec.m */,
				54E2DBC41ACBF7A5009B4670 /* Supporting Files */,
			);
			path = AUTTestKitTests;
			sourceTree = "<group>";
		};
		54E2DBC41ACBF7A5009B4670 /* Supporting Files */ = {
			isa = PBXGroup;
			children = (
				54E2DBC51ACBF7A5009B4670 /* Info.plist */,
			);
			name = "Supporting Files";
			sourceTree = "<group>";
		};
		54E2DBD61ACBF914009B4670 /* Frameworks */ = {
			isa = PBXGroup;
			children = (
				54E2DBD01ACBF910009B4670 /* Expecta.framework */,
				54E2DBD11ACBF910009B4670 /* Nocilla.framework */,
				54E2DBD21ACBF910009B4670 /* Specta.framework */,
			);
			name = Frameworks;
			sourceTree = "<group>";
		};
		54E2DBE11ACBFA9D009B4670 /* Nocilla Additions */ = {
			isa = PBXGroup;
			children = (
				54E2DBDD1ACBFA94009B4670 /* LSStubRequestDSL+AUTJSONAdditions.h */,
				54E2DBDE1ACBFA94009B4670 /* LSStubRequestDSL+AUTJSONAdditions.m */,
				54E2DBD91ACBFA50009B4670 /* LSStubResponseDSL+AUTJSONAdditions.h */,
				54E2DBDA1ACBFA50009B4670 /* LSStubResponseDSL+AUTJSONAdditions.m */,
				E4BC53BA1B5E314C000F01B2 /* AUTCustomBodyMatcher.h */,
				E4BC53BB1B5E314C000F01B2 /* AUTCustomBodyMatcher.m */,
			);
			name = "Nocilla Additions";
			sourceTree = "<group>";
		};
		54E2DC191ACC1387009B4670 /* Specta Additions */ = {
			isa = PBXGroup;
			children = (
				54E2DC151ACC1381009B4670 /* SPTExampleGroup+AUTNocillaAdditions.h */,
				54E2DC161ACC1381009B4670 /* SPTExampleGroup+AUTNocillaAdditions.m */,
			);
			name = "Specta Additions";
			sourceTree = "<group>";
		};
/* End PBXGroup section */

/* Begin PBXHeadersBuildPhase section */
		54E2DBE41ACC0730009B4670 /* Headers */ = {
			isa = PBXHeadersBuildPhase;
			buildActionMask = 2147483647;
			files = (
				3AAC09641E73523800707134 /* metamacros.h in Headers */,
				3AAC09601E73523800707134 /* AUTLocalizationNotNeeded.h in Headers */,
				3AAC09631E73523800707134 /* AUTUnavailableDesignatedInitializer.h in Headers */,
				54E2DC0A1ACC108A009B4670 /* LSStubResponseDSL+AUTJSONAdditions.h in Headers */,
				54E2DC091ACC108A009B4670 /* LSStubRequestDSL+AUTJSONAdditions.h in Headers */,
				3AAC09611E73523800707134 /* AUTNotNil.h in Headers */,
				54E2DC081ACC108A009B4670 /* AUTTestKit.h in Headers */,
				3AAC095F1E73523800707134 /* AUTExtObjC.h in Headers */,
				54E2DC171ACC1381009B4670 /* SPTExampleGroup+AUTNocillaAdditions.h in Headers */,
				E4BC53BC1B5E314C000F01B2 /* AUTCustomBodyMatcher.h in Headers */,
				3AAC095E1E73523800707134 /* AUTAutoType.h in Headers */,
				3AAC09621E73523800707134 /* AUTStrongifyOr.h in Headers */,
				3AAC095D1E73523800707134 /* AUTAssertNotNil.h in Headers */,
			);
			runOnlyForDeploymentPostprocessing = 0;
		};
/* End PBXHeadersBuildPhase section */

/* Begin PBXNativeTarget section */
		54E2DBE61ACC0730009B4670 /* AUTTestKit */ = {
			isa = PBXNativeTarget;
			buildConfigurationList = 54E2DBFA1ACC0730009B4670 /* Build configuration list for PBXNativeTarget "AUTTestKit" */;
			buildPhases = (
				54E2DBE21ACC0730009B4670 /* Sources */,
				54E2DBE31ACC0730009B4670 /* Frameworks */,
				54E2DBE41ACC0730009B4670 /* Headers */,
				54E2DBE51ACC0730009B4670 /* Resources */,
				3A2C18FD1B1D11DA00551497 /* Copy Products to Carthage/Build/iOS */,
			);
			buildRules = (
			);
			dependencies = (
			);
			name = AUTTestKit;
			productName = AUTTestKit;
			productReference = 54E2DBE71ACC0730009B4670 /* AUTTestKit.framework */;
			productType = "com.apple.product-type.framework";
		};
		54E2DBF01ACC0730009B4670 /* AUTTestKitTests */ = {
			isa = PBXNativeTarget;
			buildConfigurationList = 54E2DBFD1ACC0730009B4670 /* Build configuration list for PBXNativeTarget "AUTTestKitTests" */;
			buildPhases = (
				54E2DBED1ACC0730009B4670 /* Sources */,
				54E2DBEE1ACC0730009B4670 /* Frameworks */,
				54E2DBEF1ACC0730009B4670 /* Resources */,
				E4BC53B51B5E2E36000F01B2 /* Copy Frameworks */,
			);
			buildRules = (
			);
			dependencies = (
				54E2DBF41ACC0730009B4670 /* PBXTargetDependency */,
			);
			name = AUTTestKitTests;
			productName = AUTTestKitTests;
			productReference = 54E2DBF11ACC0730009B4670 /* AUTTestKitTests.xctest */;
			productType = "com.apple.product-type.bundle.unit-test";
		};
/* End PBXNativeTarget section */

/* Begin PBXProject section */
		54E2DBAB1ACBF7A5009B4670 /* Project object */ = {
			isa = PBXProject;
			attributes = {
				LastUpgradeCheck = 0630;
				ORGANIZATIONNAME = Automatic;
				TargetAttributes = {
					54E2DBE61ACC0730009B4670 = {
						CreatedOnToolsVersion = 6.3;
					};
					54E2DBF01ACC0730009B4670 = {
						CreatedOnToolsVersion = 6.3;
					};
				};
			};
			buildConfigurationList = 54E2DBAE1ACBF7A5009B4670 /* Build configuration list for PBXProject "AUTTestKit" */;
			compatibilityVersion = "Xcode 3.2";
			developmentRegion = English;
			hasScannedForEncodings = 0;
			knownRegions = (
				en,
			);
			mainGroup = 54E2DBAA1ACBF7A5009B4670;
			productRefGroup = 54E2DBB51ACBF7A5009B4670 /* Products */;
			projectDirPath = "";
			projectRoot = "";
			targets = (
				54E2DBE61ACC0730009B4670 /* AUTTestKit */,
				54E2DBF01ACC0730009B4670 /* AUTTestKitTests */,
			);
		};
/* End PBXProject section */

/* Begin PBXResourcesBuildPhase section */
		54E2DBE51ACC0730009B4670 /* Resources */ = {
			isa = PBXResourcesBuildPhase;
			buildActionMask = 2147483647;
			files = (
			);
			runOnlyForDeploymentPostprocessing = 0;
		};
		54E2DBEF1ACC0730009B4670 /* Resources */ = {
			isa = PBXResourcesBuildPhase;
			buildActionMask = 2147483647;
			files = (
			);
			runOnlyForDeploymentPostprocessing = 0;
		};
/* End PBXResourcesBuildPhase section */

/* Begin PBXShellScriptBuildPhase section */
		3A2C18FD1B1D11DA00551497 /* Copy Products to Carthage/Build/iOS */ = {
			isa = PBXShellScriptBuildPhase;
			buildActionMask = 2147483647;
			files = (
			);
			inputPaths = (
			);
			name = "Copy Products to Carthage/Build/iOS";
			outputPaths = (
			);
			runOnlyForDeploymentPostprocessing = 0;
			shellPath = /bin/sh;
			shellScript = "build_dir=\"$SRCROOT/Carthage/Build\"\n\n# Only copy when the Carthage/Build directory is a symlink\nif ! [ -L \"$build_dir\" ]; then exit 0; fi\n\nrsync --delete -av \"$BUILT_PRODUCTS_DIR/$PRODUCT_NAME\"* \"$build_dir/iOS\"";
			showEnvVarsInLog = 0;
		};
/* End PBXShellScriptBuildPhase section */

/* Begin PBXSourcesBuildPhase section */
		54E2DBE21ACC0730009B4670 /* Sources */ = {
			isa = PBXSourcesBuildPhase;
			buildActionMask = 2147483647;
			files = (
				E4BC53BD1B5E314C000F01B2 /* AUTCustomBodyMatcher.m in Sources */,
				54E2DC181ACC1381009B4670 /* SPTExampleGroup+AUTNocillaAdditions.m in Sources */,
				54E2DC0D1ACC108F009B4670 /* LSStubResponseDSL+AUTJSONAdditions.m in Sources */,
				54E2DC0C1ACC108F009B4670 /* LSStubRequestDSL+AUTJSONAdditions.m in Sources */,
			);
			runOnlyForDeploymentPostprocessing = 0;
		};
		54E2DBED1ACC0730009B4670 /* Sources */ = {
			isa = PBXSourcesBuildPhase;
			buildActionMask = 2147483647;
			files = (
				E4BC53B11B5E2D97000F01B2 /* LSStubRequestDSL+AUTJSONAdditionsSpec.m in Sources */,
			);
			runOnlyForDeploymentPostprocessing = 0;
		};
/* End PBXSourcesBuildPhase section */

/* Begin PBXTargetDependency section */
		54E2DBF41ACC0730009B4670 /* PBXTargetDependency */ = {
			isa = PBXTargetDependency;
			target = 54E2DBE61ACC0730009B4670 /* AUTTestKit */;
			targetProxy = 54E2DBF31ACC0730009B4670 /* PBXContainerItemProxy */;
		};
/* End PBXTargetDependency section */

/* Begin XCBuildConfiguration section */
		3A0F5CF21EF83DC900FC51B0 /* Release Static */ = {
			isa = XCBuildConfiguration;
			baseConfigurationReference = 3AAC09461E7350CB00707134 /* Release.xcconfig */;
			buildSettings = {
			};
			name = "Release Static";
		};
		3A0F5CF31EF83DC900FC51B0 /* Release Static */ = {
			isa = XCBuildConfiguration;
			baseConfigurationReference = 3A4466BF1EF49AC80004C01C /* AUTTestKitStatic.xcconfig */;
			buildSettings = {
			};
			name = "Release Static";
		};
		3A0F5CF41EF83DC900FC51B0 /* Release Static */ = {
			isa = XCBuildConfiguration;
			baseConfigurationReference = 3A0327421EF838AB00CB0AA2 /* AUTTestKitTestsStatic.xcconfig */;
			buildSettings = {
			};
			name = "Release Static";
		};
		3A4466C01EF49ADA0004C01C /* Debug Static */ = {
			isa = XCBuildConfiguration;
			baseConfigurationReference = 3AAC09441E7350CB00707134 /* Debug.xcconfig */;
			buildSettings = {
			};
			name = "Debug Static";
		};
		3A4466C11EF49ADA0004C01C /* Debug Static */ = {
			isa = XCBuildConfiguration;
			baseConfigurationReference = 3A4466BF1EF49AC80004C01C /* AUTTestKitStatic.xcconfig */;
			buildSettings = {
			};
			name = "Debug Static";
		};
		3A4466C21EF49ADA0004C01C /* Debug Static */ = {
			isa = XCBuildConfiguration;
			baseConfigurationReference = 3A0327421EF838AB00CB0AA2 /* AUTTestKitTestsStatic.xcconfig */;
			buildSettings = {
			};
			name = "Debug Static";
		};
		54E2DBC81ACBF7A5009B4670 /* Debug */ = {
			isa = XCBuildConfiguration;
			baseConfigurationReference = 3AAC09441E7350CB00707134 /* Debug.xcconfig */;
			buildSettings = {
			};
			name = Debug;
		};
		54E2DBC91ACBF7A5009B4670 /* Release */ = {
			isa = XCBuildConfiguration;
			baseConfigurationReference = 3AAC09461E7350CB00707134 /* Release.xcconfig */;
			buildSettings = {
			};
			name = Release;
		};
		54E2DBFB1ACC0730009B4670 /* Debug */ = {
			isa = XCBuildConfiguration;
			baseConfigurationReference = 3AAC09511E73513900707134 /* AUTTestKit.xcconfig */;
			buildSettings = {
			};
			name = Debug;
		};
		54E2DBFC1ACC0730009B4670 /* Release */ = {
			isa = XCBuildConfiguration;
			baseConfigurationReference = 3AAC09511E73513900707134 /* AUTTestKit.xcconfig */;
			buildSettings = {
			};
			name = Release;
		};
		54E2DBFE1ACC0730009B4670 /* Debug */ = {
			isa = XCBuildConfiguration;
			baseConfigurationReference = 3AAC09521E73514600707134 /* AUTTestKitTests.xcconfig */;
			buildSettings = {
			};
			name = Debug;
		};
		54E2DBFF1ACC0730009B4670 /* Release */ = {
			isa = XCBuildConfiguration;
			baseConfigurationReference = 3AAC09521E73514600707134 /* AUTTestKitTests.xcconfig */;
			buildSettings = {
			};
			name = Release;
		};
/* End XCBuildConfiguration section */

/* Begin XCConfigurationList section */
		54E2DBAE1ACBF7A5009B4670 /* Build configuration list for PBXProject "AUTTestKit" */ = {
			isa = XCConfigurationList;
			buildConfigurations = (
				54E2DBC81ACBF7A5009B4670 /* Debug */,
				3A4466C01EF49ADA0004C01C /* Debug Static */,
				54E2DBC91ACBF7A5009B4670 /* Release */,
				3A0F5CF21EF83DC900FC51B0 /* Release Static */,
			);
			defaultConfigurationIsVisible = 0;
			defaultConfigurationName = Release;
		};
		54E2DBFA1ACC0730009B4670 /* Build configuration list for PBXNativeTarget "AUTTestKit" */ = {
			isa = XCConfigurationList;
			buildConfigurations = (
				54E2DBFB1ACC0730009B4670 /* Debug */,
				3A4466C11EF49ADA0004C01C /* Debug Static */,
				54E2DBFC1ACC0730009B4670 /* Release */,
				3A0F5CF31EF83DC900FC51B0 /* Release Static */,
			);
			defaultConfigurationIsVisible = 0;
			defaultConfigurationName = Release;
		};
		54E2DBFD1ACC0730009B4670 /* Build configuration list for PBXNativeTarget "AUTTestKitTests" */ = {
			isa = XCConfigurationList;
			buildConfigurations = (
				54E2DBFE1ACC0730009B4670 /* Debug */,
				3A4466C21EF49ADA0004C01C /* Debug Static */,
				54E2DBFF1ACC0730009B4670 /* Release */,
				3A0F5CF41EF83DC900FC51B0 /* Release Static */,
			);
			defaultConfigurationIsVisible = 0;
			defaultConfigurationName = Release;
		};
/* End XCConfigurationList section */
	};
	rootObject = 54E2DBAB1ACBF7A5009B4670 /* Project object */;
}
